// !$*UTF8*$!
{
	archiveVersion = 1;
	classes = {
	};
	objectVersion = 46;
	objects = {

/* Begin PBXBuildFile section */
		000341181BEC04A700848EF4 /* AppDelegate.swift in Sources */ = {isa = PBXBuildFile; fileRef = 000341171BEC04A700848EF4 /* AppDelegate.swift */; };
		0003411A1BEC04A700848EF4 /* ViewController.swift in Sources */ = {isa = PBXBuildFile; fileRef = 000341191BEC04A700848EF4 /* ViewController.swift */; };
		0003411D1BEC04A700848EF4 /* Main.storyboard in Resources */ = {isa = PBXBuildFile; fileRef = 0003411B1BEC04A700848EF4 /* Main.storyboard */; };
		0003411F1BEC04A700848EF4 /* Assets.xcassets in Resources */ = {isa = PBXBuildFile; fileRef = 0003411E1BEC04A700848EF4 /* Assets.xcassets */; };
		000341221BEC04A700848EF4 /* LaunchScreen.storyboard in Resources */ = {isa = PBXBuildFile; fileRef = 000341201BEC04A700848EF4 /* LaunchScreen.storyboard */; };
/* End PBXBuildFile section */

/* Begin PBXFileReference section */
		000341141BEC04A700848EF4 /* SwipesNShakes.app */ = {isa = PBXFileReference; explicitFileType = wrapper.application; includeInIndex = 0; path = SwipesNShakes.app; sourceTree = BUILT_PRODUCTS_DIR; };
		000341171BEC04A700848EF4 /* AppDelegate.swift */ = {isa = PBXFileReference; lastKnownFileType = sourcecode.swift; path = AppDelegate.swift; sourceTree = "<group>"; };
		000341191BEC04A700848EF4 /* ViewController.swift */ = {isa = PBXFileReference; lastKnownFileType = sourcecode.swift; path = ViewController.swift; sourceTree = "<group>"; };
		0003411C1BEC04A700848EF4 /* Base */ = {isa = PBXFileReference; lastKnownFileType = file.storyboard; name = Base; path = Base.lproj/Main.storyboard; sourceTree = "<group>"; };
		0003411E1BEC04A700848EF4 /* Assets.xcassets */ = {isa = PBXFileReference; lastKnownFileType = folder.assetcatalog; path = Assets.xcassets; sourceTree = "<group>"; };
		000341211BEC04A700848EF4 /* Base */ = {isa = PBXFileReference; lastKnownFileType = file.storyboard; name = Base; path = Base.lproj/LaunchScreen.storyboard; sourceTree = "<group>"; };
		000341231BEC04A700848EF4 /* Info.plist */ = {isa = PBXFileReference; lastKnownFileType = text.plist.xml; path = Info.plist; sourceTree = "<group>"; };
/* End PBXFileReference section */

/* Begin PBXFrameworksBuildPhase section */
		000341111BEC04A700848EF4 /* Frameworks */ = {
			isa = PBXFrameworksBuildPhase;
			buildActionMask = 2147483647;
			files = (
			);
			runOnlyForDeploymentPostprocessing = 0;
		};
/* End PBXFrameworksBuildPhase section */

/* Begin PBXGroup section */
		0003410B1BEC04A700848EF4 = {
			isa = PBXGroup;
			children = (
				000341161BEC04A700848EF4 /* SwipesNShakes */,
				000341151BEC04A700848EF4 /* Products */,
			);
			sourceTree = "<group>";
		};
		000341151BEC04A700848EF4 /* Products */ = {
			isa = PBXGroup;
			children = (
				000341141BEC04A700848EF4 /* SwipesNShakes.app */,
			);
			name = Products;
			sourceTree = "<group>";
		};
		000341161BEC04A700848EF4 /* SwipesNShakes */ = {
			isa = PBXGroup;
			children = (
				000341171BEC04A700848EF4 /* AppDelegate.swift */,
				000341191BEC04A700848EF4 /* ViewController.swift */,
				0003411B1BEC04A700848EF4 /* Main.storyboard */,
				0003411E1BEC04A700848EF4 /* Assets.xcassets */,
				000341201BEC04A700848EF4 /* LaunchScreen.storyboard */,
				000341231BEC04A700848EF4 /* Info.plist */,
			);
			path = SwipesNShakes;
			sourceTree = "<group>";
		};
/* End PBXGroup section */

/* Begin PBXNativeTarget section */
		000341131BEC04A700848EF4 /* SwipesNShakes */ = {
			isa = PBXNativeTarget;
			buildConfigurationList = 000341261BEC04A700848EF4 /* Build configuration list for PBXNativeTarget "SwipesNShakes" */;
			buildPhases = (
				000341101BEC04A700848EF4 /* Sources */,
				000341111BEC04A700848EF4 /* Frameworks */,
				000341121BEC04A700848EF4 /* Resources */,
			);
			buildRules = (
			);
			dependencies = (
			);
			name = SwipesNShakes;
			productName = SwipesNShakes;
			productReference = 000341141BEC04A700848EF4 /* SwipesNShakes.app */;
			productType = "com.apple.product-type.application";
		};
/* End PBXNativeTarget section */

/* Begin PBXProject section */
		0003410C1BEC04A700848EF4 /* Project object */ = {
			isa = PBXProject;
			attributes = {
				LastSwiftUpdateCheck = 0710;
				LastUpgradeCheck = 0710;
				ORGANIZATIONNAME = HardSoft;
				TargetAttributes = {
					000341131BEC04A700848EF4 = {
						CreatedOnToolsVersion = 7.1;
						DevelopmentTeam = C829Y33F33;
					};
				};
			};
			buildConfigurationList = 0003410F1BEC04A700848EF4 /* Build configuration list for PBXProject "SwipesNShakes" */;
			compatibilityVersion = "Xcode 3.2";
			developmentRegion = English;
			hasScannedForEncodings = 0;
			knownRegions = (
				en,
				Base,
			);
			mainGroup = 0003410B1BEC04A700848EF4;
			productRefGroup = 000341151BEC04A700848EF4 /* Products */;
			projectDirPath = "";
			projectRoot = "";
			targets = (
				000341131BEC04A700848EF4 /* SwipesNShakes */,
			);
		};
/* End PBXProject section */

/* Begin PBXResourcesBuildPhase section */
		000341121BEC04A700848EF4 /* Resources */ = {
			isa = PBXResourcesBuildPhase;
			buildActionMask = 2147483647;
			files = (
				000341221BEC04A700848EF4 /* LaunchScreen.storyboard in Resources */,
				0003411F1BEC04A700848EF4 /* Assets.xcassets in Resources */,
				0003411D1BEC04A700848EF4 /* Main.storyboard in Resources */,
			);
			runOnlyForDeploymentPostprocessing = 0;
		};
/* End PBXResourcesBuildPhase section */

/* Begin PBXSourcesBuildPhase section */
		000341101BEC04A700848EF4 /* Sources */ = {
			isa = PBXSourcesBuildPhase;
			buildActionMask = 2147483647;
			files = (
				0003411A1BEC04A700848EF4 /* ViewController.swift in Sources */,
				000341181BEC04A700848EF4 /* AppDelegate.swift in Sources */,
			);
			runOnlyForDeploymentPostprocessing = 0;
		};
/* End PBXSourcesBuildPhase section */

/* Begin PBXVariantGroup section */
		0003411B1BEC04A700848EF4 /* Main.storyboard */ = {
			isa = PBXVariantGroup;
			children = (
				0003411C1BEC04A700848EF4 /* Base */,
			);
			name = Main.storyboard;
			sourceTree = "<group>";
		};
		000341201BEC04A700848EF4 /* LaunchScreen.storyboard */ = {
			isa = PBXVariantGroup;
			children = (
				000341211BEC04A700848EF4 /* Base */,
			);
			name = LaunchScreen.storyboard;
			sourceTree = "<group>";
		};
/* End PBXVariantGroup section */

/* Begin XCBuildConfiguration section */
		000341241BEC04A700848EF4 /* Debug */ = {
			isa = XCBuildConfiguration;
			buildSettings = {
				ALWAYS_SEARCH_USER_PATHS = NO;
				CLANG_CXX_LANGUAGE_STANDARD = "gnu++0x";
				CLANG_CXX_LIBRARY = "libc++";
				CLANG_ENABLE_MODULES = YES;
				CLANG_ENABLE_OBJC_ARC = YES;
				CLANG_WARN_BOOL_CONVERSION = YES;
				CLANG_WARN_CONSTANT_CONVERSION = YES;
				CLANG_WARN_DIRECT_OBJC_ISA_USAGE = YES_ERROR;
				CLANG_WARN_EMPTY_BODY = YES;
				CLANG_WARN_ENUM_CONVERSION = YES;
				CLANG_WARN_INT_CONVERSION = YES;
				CLANG_WARN_OBJC_ROOT_CLASS = YES_ERROR;
				CLANG_WARN_UNREACHABLE_CODE = YES;
				CLANG_WARN__DUPLICATE_METHOD_MATCH = YES;
				"CODE_SIGN_IDENTITY[sdk=iphoneos*]" = "iPhone Developer";
				COPY_PHASE_STRIP = NO;
				DEBUG_INFORMATION_FORMAT = dwarf;
				ENABLE_STRICT_OBJC_MSGSEND = YES;
				ENABLE_TESTABILITY = YES;
				GCC_C_LANGUAGE_STANDARD = gnu99;
				GCC_DYNAMIC_NO_PIC = NO;
				GCC_NO_COMMON_BLOCKS = YES;
				GCC_OPTIMIZATION_LEVEL = 0;
				GCC_PREPROCESSOR_DEFINITIONS = (
					"DEBUG=1",
					"$(inherited)",
				);
				GCC_WARN_64_TO_32_BIT_CONVERSION = YES;
				GCC_WARN_ABOUT_RETURN_TYPE = YES_ERROR;
				GCC_WARN_UNDECLARED_SELECTOR = YES;
				GCC_WARN_UNINITIALIZED_AUTOS = YES_AGGRESSIVE;
				GCC_WARN_UNUSED_FUNCTION = YES;
				GCC_WARN_UNUSED_VARIABLE = YES;
				IPHONEOS_DEPLOYMENT_TARGET = 9.1;
				MTL_ENABLE_DEBUG_INFO = YES;
				ONLY_ACTIVE_ARCH = YES;
				SDKROOT = iphoneos;
				SWIFT_OPTIMIZATION_LEVEL = "-Onone";
			};
			name = Debug;
		};
		000341251BEC04A700848EF4 /* Release */ = {
			isa = XCBuildConfiguration;
			buildSettings = {
				ALWAYS_SEARCH_USER_PATHS = NO;
				CLANG_CXX_LANGUAGE_STANDARD = "gnu++0x";
				CLANG_CXX_LIBRARY = "libc++";
				CLANG_ENABLE_MODULES = YES;
				CLANG_ENABLE_OBJC_ARC = YES;
				CLANG_WARN_BOOL_CONVERSION = YES;
				CLANG_WARN_CONSTANT_CONVERSION = YES;
				CLANG_WARN_DIRECT_OBJC_ISA_USAGE = YES_ERROR;
				CLANG_WARN_EMPTY_BODY = YES;
				CLANG_WARN_ENUM_CONVERSION = YES;
				CLANG_WARN_INT_CONVERSION = YES;
				CLANG_WARN_OBJC_ROOT_CLASS = YES_ERROR;
				CLANG_WARN_UNREACHABLE_CODE = YES;
				CLANG_WARN__DUPLICATE_METHOD_MATCH = YES;
				"CODE_SIGN_IDENTITY[sdk=iphoneos*]" = "iPhone Developer";
				COPY_PHASE_STRIP = NO;
				DEBUG_INFORMATION_FORMAT = "dwarf-with-dsym";
				ENABLE_NS_ASSERTIONS = NO;
				ENABLE_STRICT_OBJC_MSGSEND = YES;
				GCC_C_LANGUAGE_STANDARD = gnu99;
				GCC_NO_COMMON_BLOCKS = YES;
				GCC_WARN_64_TO_32_BIT_CONVERSION = YES;
				GCC_WARN_ABOUT_RETURN_TYPE = YES_ERROR;
				GCC_WARN_UNDECLARED_SELECTOR = YES;
				GCC_WARN_UNINITIALIZED_AUTOS = YES_AGGRESSIVE;
				GCC_WARN_UNUSED_FUNCTION = YES;
				GCC_WARN_UNUSED_VARIABLE = YES;
				IPHONEOS_DEPLOYMENT_TARGET = 9.1;
				MTL_ENABLE_DEBUG_INFO = NO;
				SDKROOT = iphoneos;
				VALIDATE_PRODUCT = YES;
			};
			name = Release;
		};
		000341271BEC04A700848EF4 /* Debug */ = {
			isa = XCBuildConfiguration;
			buildSettings = {
				ASSETCATALOG_COMPILER_APPICON_NAME = AppIcon;
				INFOPLIST_FILE = SwipesNShakes/Info.plist;
				LD_RUNPATH_SEARCH_PATHS = "$(inherited) @executable_path/Frameworks";
				PRODUCT_BUNDLE_IDENTIFIER = com.hardsoft.SwipesNShakes;
				PRODUCT_NAME = "$(TARGET_NAME)";
			};
			name = Debug;
		};
		000341281BEC04A700848EF4 /* Release */ = {
			isa = XCBuildConfiguration;
			buildSettings = {
				ASSETCATALOG_COMPILER_APPICON_NAME = AppIcon;
				INFOPLIST_FILE = SwipesNShakes/Info.plist;
				LD_RUNPATH_SEARCH_PATHS = "$(inherited) @executable_path/Frameworks";
				PRODUCT_BUNDLE_IDENTIFIER = com.hardsoft.SwipesNShakes;
				PRODUCT_NAME = "$(TARGET_NAME)";
			};
			name = Release;
		};
/* End XCBuildConfiguration section */

/* Begin XCConfigurationList section */
		0003410F1BEC04A700848EF4 /* Build configuration list for PBXProject "SwipesNShakes" */ = {
			isa = XCConfigurationList;
			buildConfigurations = (
				000341241BEC04A700848EF4 /* Debug */,
				000341251BEC04A700848EF4 /* Release */,
			);
			defaultConfigurationIsVisible = 0;
			defaultConfigurationName = Release;
		};
		000341261BEC04A700848EF4 /* Build configuration list for PBXNativeTarget "SwipesNShakes" */ = {
			isa = XCConfigurationList;
			buildConfigurations = (
				000341271BEC04A700848EF4 /* Debug */,
				000341281BEC04A700848EF4 /* Release */,
			);
			defaultConfigurationIsVisible = 0;
		};
/* End XCConfigurationList section */
	};
	rootObject = 0003410C1BEC04A700848EF4 /* Project object */;
}
